
Microsoft Visual Studio Solution File, Format Version 12.00
# Visual Studio Version 17
VisualStudioVersion = 17.11.35219.272
MinimumVisualStudioVersion = 10.0.40219.1
Project("{FAE04EC0-301F-11D3-BF4B-00C04F79EFBC}") = "BloodNetworkMVC_Oct2024", "BloodNetworkMVC_Oct2024\BloodNetworkMVC_Oct2024.csproj", "{5F29685A-110D-4AB7-A3C5-2D77BD0D22DE}"
EndProject
Global
	GlobalSection(SolutionConfigurationPlatforms) = preSolution
		Debug|Any CPU = Debug|Any CPU
		Release|Any CPU = Release|Any CPU
	EndGlobalSection
	GlobalSection(ProjectConfigurationPlatforms) = postSolution
		{5F29685A-110D-4AB7-A3C5-2D77BD0D22DE}.Debug|Any CPU.ActiveCfg = Debug|Any CPU
		{5F29685A-110D-4AB7-A3C5-2D77BD0D22DE}.Debug|Any CPU.Build.0 = Debug|Any CPU
		{5F29685A-110D-4AB7-A3C5-2D77BD0D22DE}.Release|Any CPU.ActiveCfg = Release|Any CPU
		{5F29685A-110D-4AB7-A3C5-2D77BD0D22DE}.Release|Any CPU.Build.0 = Release|Any CPU
	EndGlobalSection
	GlobalSection(SolutionProperties) = preSolution
		HideSolutionNode = FALSE
	EndGlobalSection
	GlobalSection(ExtensibilityGlobals) = postSolution
		SolutionGuid = {2018DD4D-C8DE-4F79-970B-60C4965A879D}
	EndGlobalSection
EndGlobal
